{
  "version": 1,
  "dependencies": {
    "net8.0": {
      "BouncyCastle.Cryptography": {
        "type": "Direct",
        "requested": "[2.6.2, )",
        "resolved": "2.6.2",
        "contentHash": "7oWOcvnntmMKNzDLsdxAYqApt+AjpRpP2CShjMfIa3umZ42UQMvH0tl1qAliYPNYO6vTdcGMqnRrCPmsfzTI1w=="
      },
      "Microsoft.NET.ILLink.Tasks": {
        "type": "Direct",
        "requested": "[8.0.23, )",
        "resolved": "8.0.23",
        "contentHash": "GqHiB1HbbODWPbY/lc5xLQH8siEEhNA0ptpJCC6X6adtAYNEzu5ZlqV3YHA3Gh7fuEwgA8XqVwMtH2KNtuQM1Q=="
      }
    },
    "net8.0/browser-wasm": {}
  }
}