{
  "version": 1,
  "dependencies": {
    "net8.0": {
      "BouncyCastle.Cryptography": {
        "type": "Direct",
        "requested": "[2.6.2, )",
        "resolved": "2.6.2",
        "contentHash": "7oWOcvnntmMKNzDLsdxAYqApt+AjpRpP2CShjMfIa3umZ42UQMvH0tl1qAliYPNYO6vTdcGMqnRrCPmsfzTI1w=="
      },
      "Microsoft.NET.ILLink.Tasks": {
        "type": "Direct",
        "requested": "[8.0.21, )",
        "resolved": "8.0.21",
        "contentHash": "s8H5PZQs50OcNkaB6Si54+v3GWM7vzs6vxFRMlD3aXsbM+aPCtod62gmK0BYWou9diGzmo56j8cIf/PziijDqQ=="
      }
    },
    "net8.0/browser-wasm": {}
  }
}