{
  "version": 1,
  "dependencies": {
    "net8.0": {
      "BouncyCastle.Cryptography": {
        "type": "Direct",
        "requested": "[2.6.1, )",
        "resolved": "2.6.1",
        "contentHash": "vZsG2YILhthgRqO+ZVgRff4ZFKKTl0v7kqaVBLCtRvpREhfBP33pcWrdA3PRYgWuFL1RxiUFvjMUHTdBZlJcoA=="
      },
      "Microsoft.NET.ILLink.Tasks": {
        "type": "Direct",
        "requested": "[8.0.17, )",
        "resolved": "8.0.17",
        "contentHash": "x5/y4l8AtshpBOrCZdlE4txw8K3e3s9meBFeZeR3l8hbbku2V7kK6ojhXvrbjg1rk3G+JqL1BI26gtgc1ZrdUw=="
      }
    },
    "net8.0/browser-wasm": {}
  }
}
